[root]
name = "hearthstone"
version = "0.1.0"
dependencies = [
 "yaml 0.2.0 (registry+https://github.com/rust-lang/crates.io-index)",
]

[[package]]
name = "regex"
version = "0.1.30"
source = "registry+https://github.com/rust-lang/crates.io-index"

[[package]]
name = "regex_macros"
version = "0.1.18"
source = "registry+https://github.com/rust-lang/crates.io-index"
dependencies = [
 "regex 0.1.30 (registry+https://github.com/rust-lang/crates.io-index)",
]

[[package]]
name = "yaml"
version = "0.2.0"
source = "registry+https://github.com/rust-lang/crates.io-index"
dependencies = [
 "regex 0.1.30 (registry+https://github.com/rust-lang/crates.io-index)",
 "regex_macros 0.1.18 (registry+https://github.com/rust-lang/crates.io-index)",
]

